
Microsoft Visual Studio Solution File, Format Version 12.00
# Visual Studio Version 17
VisualStudioVersion = 17.3.32901.215
MinimumVisualStudioVersion = 10.0.40219.1
Project("{FAE04EC0-301F-11D3-BF4B-00C04F79EFBC}") = "DFA_CRUD", "DFA_CRUD.csproj", "{53E95FBB-1898-4EF7-B2B7-8B46781C7071}"
EndProject
Global
	GlobalSection(SolutionConfigurationPlatforms) = preSolution
		Debug|Any CPU = Debug|Any CPU
		Release|Any CPU = Release|Any CPU
	EndGlobalSection
	GlobalSection(ProjectConfigurationPlatforms) = postSolution
		{53E95FBB-1898-4EF7-B2B7-8B46781C7071}.Debug|Any CPU.ActiveCfg = Debug|Any CPU
		{53E95FBB-1898-4EF7-B2B7-8B46781C7071}.Debug|Any CPU.Build.0 = Debug|Any CPU
		{53E95FBB-1898-4EF7-B2B7-8B46781C7071}.Release|Any CPU.ActiveCfg = Release|Any CPU
		{53E95FBB-1898-4EF7-B2B7-8B46781C7071}.Release|Any CPU.Build.0 = Release|Any CPU
	EndGlobalSection
	GlobalSection(SolutionProperties) = preSolution
		HideSolutionNode = FALSE
	EndGlobalSection
	GlobalSection(ExtensibilityGlobals) = postSolution
		SolutionGuid = {7172F910-614C-4751-A101-2B050B31DA32}
	EndGlobalSection
EndGlobal
